{
  "nodes": {
    "fetch": {
      "inputs": {
        "nixpkgs": [
          "nixpkgs"
        ]
      },
      "locked": {
        "lastModified": 1787419291,
        "narHash": "sha256-KPUSa2/YT91LIBOA/K7dbitTd92FyU5ZdaKeu5ZmQsU=",
        "owner": "areofyl",
        "repo": "fetch",
        "rev": "070c7a4d38036af65c38c782af5723cea8003d38",
        "type": "github"
      },
      "original": {
        "owner": "areofyl",
        "repo": "fetch",
        "type": "github"
      }
    },
    "home-manager": {
      "inputs": {
        "nixpkgs": [
          "nixpkgs"
        ]
      },
      "locked": {
        "lastModified": 1787487906,
        "narHash": "sha256-zIdM+8teujHm5hc5MIPDnV7k2UeOOT/pFyFtWjOCwsY=",
        "owner": "nix-community",
        "repo": "home-manager",
        "rev": "cfba7ad5886b342b8dd63ba74354b3853ea4cfc9",
        "type": "github"
      },
      "original": {
        "owner": "nix-community",
        "repo": "home-manager",
        "type": "github"
      }
    },
    "nixpkgs": {
      "locked": {
        "lastModified": 1787498568,
        "narHash": "sha256-9i/VTdusq/+NM/tz+J1Re+ojkMB8MBf0QshnYfzHz30=",
        "owner": "NixOS",
        "repo": "nixpkgs",
        "rev": "56c02bc00adcf003215cc4bd996d6efaf4cff188",
        "type": "github"
      },
      "original": {
        "owner": "NixOS",
        "ref": "nixos-unstable",
        "repo": "nixpkgs",
        "type": "github"
      }
    },
    "potatofox": {
      "flake": false,
      "locked": {
        "lastModified": 1765301642,
        "narHash": "sha256-WkUJytR6zPmq0vMCMlaEf3J8UM9XkY0IJa2Jn5OrO48=",
        "ref": "refs/heads/main",
        "rev": "80e926aeb20f61a927ec0be7a73835d5533227eb",
        "revCount": 402,
        "type": "git",
        "url": "https://codeberg.org/awwpotato/PotatoFox"
      },
      "original": {
        "type": "git",
        "url": "https://codeberg.org/awwpotato/PotatoFox"
      }
    },
    "root": {
      "inputs": {
        "fetch": "fetch",
        "home-manager": "home-manager",
        "nixpkgs": "nixpkgs",
        "potatofox": "potatofox"
      }
    }
  },
  "root": "root",
  "version": 7
}
