{
  "nodes": {
    "fetch": {
      "inputs": {
        "nixpkgs": [
          "nixpkgs"
        ]
      },
      "locked": {
        "lastModified": 1787419291,
        "narHash": "sha256-KPUSa2/YT91LIBOA/K7dbitTd92FyU5ZdaKeu5ZmQsU=",
        "owner": "areofyl",
        "repo": "fetch",
        "rev": "070c7a4d38036af65c38c782af5723cea8003d38",
        "type": "github"
      },
      "original": {
        "owner": "areofyl",
        "repo": "fetch",
        "type": "github"
      }
    },
    "home-manager": {
      "inputs": {
        "nixpkgs": [
          "nixpkgs"
        ]
      },
      "locked": {
        "lastModified": 1787487906,
        "narHash": "sha256-zIdM+8teujHm5hc5MIPDnV7k2UeOOT/pFyFtWjOCwsY=",
        "owner": "nix-community",
        "repo": "home-manager",
        "rev": "cfba7ad5886b342b8dd63ba74354b3853ea4cfc9",
        "type": "github"
      },
      "original": {
        "owner": "nix-community",
        "repo": "home-manager",
        "type": "github"
      }
    },
    "home-manager_2": {
      "inputs": {
        "nixpkgs": [
          "pi-flake",
          "nixpkgs"
        ]
      },
      "locked": {
        "lastModified": 1783436070,
        "narHash": "sha256-F80z1JoiJgZyTT5D+3siLOVzqmCEphLR7t0Ym/I2CLI=",
        "owner": "nix-community",
        "repo": "home-manager",
        "rev": "f09af49406ffad37acb6538d3207189a1a1e0b7e",
        "type": "github"
      },
      "original": {
        "owner": "nix-community",
        "repo": "home-manager",
        "type": "github"
      }
    },
    "nixpkgs": {
      "locked": {
        "lastModified": 1787498568,
        "narHash": "sha256-9i/VTdusq/+NM/tz+J1Re+ojkMB8MBf0QshnYfzHz30=",
        "owner": "NixOS",
        "repo": "nixpkgs",
        "rev": "56c02bc00adcf003215cc4bd996d6efaf4cff188",
        "type": "github"
      },
      "original": {
        "owner": "NixOS",
        "ref": "nixos-unstable",
        "repo": "nixpkgs",
        "type": "github"
      }
    },
    "nixpkgs_2": {
      "locked": {
        "lastModified": 1778443072,
        "narHash": "sha256-zi7/fsqM/kFdNuED//4WOCUtezGtKKqRNORjMvfwjnA=",
        "owner": "nixos",
        "repo": "nixpkgs",
        "rev": "da5ad661ba4e5ef59ba743f0d112cbc30e474f32",
        "type": "github"
      },
      "original": {
        "owner": "nixos",
        "ref": "nixos-unstable",
        "repo": "nixpkgs",
        "type": "github"
      }
    },
    "pi-flake": {
      "inputs": {
        "home-manager": "home-manager_2",
        "nixpkgs": "nixpkgs_2"
      },
      "locked": {
        "lastModified": 1787574887,
        "narHash": "sha256-w/lBj8PtMS+gbrIKAUWkLOXyi7ynQUv3N4+ZltAMTwQ=",
        "owner": "ChauDucToan",
        "repo": "pi-flake",
        "rev": "9543bb294b396f1d73817819bb82cf8755ee12e5",
        "type": "github"
      },
      "original": {
        "owner": "ChauDucToan",
        "repo": "pi-flake",
        "type": "github"
      }
    },
    "potatofox": {
      "flake": false,
      "locked": {
        "lastModified": 1765301642,
        "narHash": "sha256-WkUJytR6zPmq0vMCMlaEf3J8UM9XkY0IJa2Jn5OrO48=",
        "ref": "refs/heads/main",
        "rev": "80e926aeb20f61a927ec0be7a73835d5533227eb",
        "revCount": 402,
        "type": "git",
        "url": "https://codeberg.org/awwpotato/PotatoFox"
      },
      "original": {
        "type": "git",
        "url": "https://codeberg.org/awwpotato/PotatoFox"
      }
    },
    "root": {
      "inputs": {
        "fetch": "fetch",
        "home-manager": "home-manager",
        "nixpkgs": "nixpkgs",
        "pi-flake": "pi-flake",
        "potatofox": "potatofox"
      }
    }
  },
  "root": "root",
  "version": 7
}
